// !$*UTF8*$!
{
	archiveVersion = 1;
	classes = {
	};
	objectVersion = 46;
	objects = {

/* Begin PBXBuildFile section */
		898A5DAA1E455FC1006C2A81 /* main.m in Sources */ = {isa = PBXBuildFile; fileRef = 898A5DA91E455FC1006C2A81 /* main.m */; };
		898A5DAD1E455FC1006C2A81 /* AppDelegate.m in Sources */ = {isa = PBXBuildFile; fileRef = 898A5DAC1E455FC1006C2A81 /* AppDelegate.m */; };
		898A5DB31E455FC1006C2A81 /* Main.storyboard in Resources */ = {isa = PBXBuildFile; fileRef = 898A5DB11E455FC1006C2A81 /* Main.storyboard */; };
		898A5DB61E455FC1006C2A81 /* FlickrMaze.xcdatamodeld in Sources */ = {isa = PBXBuildFile; fileRef = 898A5DB41E455FC1006C2A81 /* FlickrMaze.xcdatamodeld */; };
		898A5DB81E455FC1006C2A81 /* Assets.xcassets in Resources */ = {isa = PBXBuildFile; fileRef = 898A5DB71E455FC1006C2A81 /* Assets.xcassets */; };
		898A5DBB1E455FC1006C2A81 /* LaunchScreen.storyboard in Resources */ = {isa = PBXBuildFile; fileRef = 898A5DB91E455FC1006C2A81 /* LaunchScreen.storyboard */; };
		898A5DD11E456152006C2A81 /* GameManager.m in Sources */ = {isa = PBXBuildFile; fileRef = 898A5DD01E456152006C2A81 /* GameManager.m */; };
		898A5DD41E4563AC006C2A81 /* HomeViewController.m in Sources */ = {isa = PBXBuildFile; fileRef = 898A5DD31E4563AC006C2A81 /* HomeViewController.m */; };
		898A5DD71E456D55006C2A81 /* Maze.m in Sources */ = {isa = PBXBuildFile; fileRef = 898A5DD61E456D55006C2A81 /* Maze.m */; };
		898A5DDA1E457107006C2A81 /* MazeViewController.m in Sources */ = {isa = PBXBuildFile; fileRef = 898A5DD91E457107006C2A81 /* MazeViewController.m */; };
		898A5DDD1E4572C5006C2A81 /* MazeCell.m in Sources */ = {isa = PBXBuildFile; fileRef = 898A5DDC1E4572C5006C2A81 /* MazeCell.m */; };
		C84DD6D81E47A4EB00591C75 /* MapViewController.m in Sources */ = {isa = PBXBuildFile; fileRef = C84DD6D71E47A4EB00591C75 /* MapViewController.m */; };
		C84DD6DB1E47A61300591C75 /* TitleCell.m in Sources */ = {isa = PBXBuildFile; fileRef = C84DD6DA1E47A61300591C75 /* TitleCell.m */; };
		C84DD6DE1E47BDD400591C75 /* EndGameViewController.m in Sources */ = {isa = PBXBuildFile; fileRef = C84DD6DD1E47BDD400591C75 /* EndGameViewController.m */; };
		C84DD6E11E48E1E500591C75 /* DetailViewController.m in Sources */ = {isa = PBXBuildFile; fileRef = C84DD6E01E48E1E500591C75 /* DetailViewController.m */; };
/* End PBXBuildFile section */

/* Begin PBXFileReference section */
		896E5B671E4A354900C271ED /* MazeTile+CoreDataClass.h */ = {isa = PBXFileReference; fileEncoding = 4; lastKnownFileType = sourcecode.c.h; path = "MazeTile+CoreDataClass.h"; sourceTree = "<group>"; };
		896E5B681E4A354900C271ED /* MazeTile+CoreDataClass.m */ = {isa = PBXFileReference; fileEncoding = 4; lastKnownFileType = sourcecode.c.objc; path = "MazeTile+CoreDataClass.m"; sourceTree = "<group>"; };
		896E5B691E4A354900C271ED /* MazeTile+CoreDataProperties.h */ = {isa = PBXFileReference; fileEncoding = 4; lastKnownFileType = sourcecode.c.h; path = "MazeTile+CoreDataProperties.h"; sourceTree = "<group>"; };
		896E5B6A1E4A354900C271ED /* MazeTile+CoreDataProperties.m */ = {isa = PBXFileReference; fileEncoding = 4; lastKnownFileType = sourcecode.c.objc; path = "MazeTile+CoreDataProperties.m"; sourceTree = "<group>"; };
		896E5B7F1E4A607F00C271ED /* Player+CoreDataClass.h */ = {isa = PBXFileReference; fileEncoding = 4; lastKnownFileType = sourcecode.c.h; path = "Player+CoreDataClass.h"; sourceTree = "<group>"; };
		896E5B801E4A607F00C271ED /* Player+CoreDataClass.m */ = {isa = PBXFileReference; fileEncoding = 4; lastKnownFileType = sourcecode.c.objc; path = "Player+CoreDataClass.m"; sourceTree = "<group>"; };
		896E5B811E4A607F00C271ED /* Player+CoreDataProperties.h */ = {isa = PBXFileReference; fileEncoding = 4; lastKnownFileType = sourcecode.c.h; path = "Player+CoreDataProperties.h"; sourceTree = "<group>"; };
		896E5B821E4A607F00C271ED /* Player+CoreDataProperties.m */ = {isa = PBXFileReference; fileEncoding = 4; lastKnownFileType = sourcecode.c.objc; path = "Player+CoreDataProperties.m"; sourceTree = "<group>"; };
		898A5DA51E455FC1006C2A81 /* FlickrMaze.app */ = {isa = PBXFileReference; explicitFileType = wrapper.application; includeInIndex = 0; path = FlickrMaze.app; sourceTree = BUILT_PRODUCTS_DIR; };
		898A5DA91E455FC1006C2A81 /* main.m */ = {isa = PBXFileReference; lastKnownFileType = sourcecode.c.objc; path = main.m; sourceTree = "<group>"; };
		898A5DAB1E455FC1006C2A81 /* AppDelegate.h */ = {isa = PBXFileReference; lastKnownFileType = sourcecode.c.h; path = AppDelegate.h; sourceTree = "<group>"; };
		898A5DAC1E455FC1006C2A81 /* AppDelegate.m */ = {isa = PBXFileReference; lastKnownFileType = sourcecode.c.objc; path = AppDelegate.m; sourceTree = "<group>"; };
		898A5DB21E455FC1006C2A81 /* Base */ = {isa = PBXFileReference; lastKnownFileType = file.storyboard; name = Base; path = Base.lproj/Main.storyboard; sourceTree = "<group>"; };
		898A5DB51E455FC1006C2A81 /* FlickrMaze.xcdatamodel */ = {isa = PBXFileReference; lastKnownFileType = wrapper.xcdatamodel; path = FlickrMaze.xcdatamodel; sourceTree = "<group>"; };
		898A5DB71E455FC1006C2A81 /* Assets.xcassets */ = {isa = PBXFileReference; lastKnownFileType = folder.assetcatalog; path = Assets.xcassets; sourceTree = "<group>"; };
		898A5DBA1E455FC1006C2A81 /* Base */ = {isa = PBXFileReference; lastKnownFileType = file.storyboard; name = Base; path = Base.lproj/LaunchScreen.storyboard; sourceTree = "<group>"; };
		898A5DBC1E455FC1006C2A81 /* Info.plist */ = {isa = PBXFileReference; lastKnownFileType = text.plist.xml; path = Info.plist; sourceTree = "<group>"; };
		898A5DCF1E456152006C2A81 /* GameManager.h */ = {isa = PBXFileReference; fileEncoding = 4; lastKnownFileType = sourcecode.c.h; path = GameManager.h; sourceTree = "<group>"; };
		898A5DD01E456152006C2A81 /* GameManager.m */ = {isa = PBXFileReference; fileEncoding = 4; lastKnownFileType = sourcecode.c.objc; path = GameManager.m; sourceTree = "<group>"; };
		898A5DD21E4563AC006C2A81 /* HomeViewController.h */ = {isa = PBXFileReference; fileEncoding = 4; lastKnownFileType = sourcecode.c.h; path = HomeViewController.h; sourceTree = "<group>"; };
		898A5DD31E4563AC006C2A81 /* HomeViewController.m */ = {isa = PBXFileReference; fileEncoding = 4; lastKnownFileType = sourcecode.c.objc; path = HomeViewController.m; sourceTree = "<group>"; };
		898A5DD51E456D55006C2A81 /* Maze.h */ = {isa = PBXFileReference; fileEncoding = 4; lastKnownFileType = sourcecode.c.h; path = Maze.h; sourceTree = "<group>"; };
		898A5DD61E456D55006C2A81 /* Maze.m */ = {isa = PBXFileReference; fileEncoding = 4; lastKnownFileType = sourcecode.c.objc; path = Maze.m; sourceTree = "<group>"; };
		898A5DD81E457107006C2A81 /* MazeViewController.h */ = {isa = PBXFileReference; fileEncoding = 4; lastKnownFileType = sourcecode.c.h; path = MazeViewController.h; sourceTree = "<group>"; };
		898A5DD91E457107006C2A81 /* MazeViewController.m */ = {isa = PBXFileReference; fileEncoding = 4; lastKnownFileType = sourcecode.c.objc; path = MazeViewController.m; sourceTree = "<group>"; };
		898A5DDB1E4572C5006C2A81 /* MazeCell.h */ = {isa = PBXFileReference; fileEncoding = 4; lastKnownFileType = sourcecode.c.h; path = MazeCell.h; sourceTree = "<group>"; };
		898A5DDC1E4572C5006C2A81 /* MazeCell.m */ = {isa = PBXFileReference; fileEncoding = 4; lastKnownFileType = sourcecode.c.objc; path = MazeCell.m; sourceTree = "<group>"; };
		C84DD6D61E47A4EB00591C75 /* MapViewController.h */ = {isa = PBXFileReference; fileEncoding = 4; lastKnownFileType = sourcecode.c.h; path = MapViewController.h; sourceTree = "<group>"; };
		C84DD6D71E47A4EB00591C75 /* MapViewController.m */ = {isa = PBXFileReference; fileEncoding = 4; lastKnownFileType = sourcecode.c.objc; path = MapViewController.m; sourceTree = "<group>"; };
		C84DD6D91E47A61300591C75 /* TitleCell.h */ = {isa = PBXFileReference; fileEncoding = 4; lastKnownFileType = sourcecode.c.h; path = TitleCell.h; sourceTree = "<group>"; };
		C84DD6DA1E47A61300591C75 /* TitleCell.m */ = {isa = PBXFileReference; fileEncoding = 4; lastKnownFileType = sourcecode.c.objc; path = TitleCell.m; sourceTree = "<group>"; };
		C84DD6DC1E47BDD400591C75 /* EndGameViewController.h */ = {isa = PBXFileReference; fileEncoding = 4; lastKnownFileType = sourcecode.c.h; path = EndGameViewController.h; sourceTree = "<group>"; };
		C84DD6DD1E47BDD400591C75 /* EndGameViewController.m */ = {isa = PBXFileReference; fileEncoding = 4; lastKnownFileType = sourcecode.c.objc; path = EndGameViewController.m; sourceTree = "<group>"; };
		C84DD6DF1E48E1E500591C75 /* DetailViewController.h */ = {isa = PBXFileReference; fileEncoding = 4; lastKnownFileType = sourcecode.c.h; path = DetailViewController.h; sourceTree = "<group>"; };
		C84DD6E01E48E1E500591C75 /* DetailViewController.m */ = {isa = PBXFileReference; fileEncoding = 4; lastKnownFileType = sourcecode.c.objc; path = DetailViewController.m; sourceTree = "<group>"; };
/* End PBXFileReference section */

/* Begin PBXFrameworksBuildPhase section */
		898A5DA21E455FC1006C2A81 /* Frameworks */ = {
			isa = PBXFrameworksBuildPhase;
			buildActionMask = 2147483647;
			files = (
			);
			runOnlyForDeploymentPostprocessing = 0;
		};
/* End PBXFrameworksBuildPhase section */

/* Begin PBXGroup section */
		898A5D9C1E455FC1006C2A81 = {
			isa = PBXGroup;
			children = (
				896E5B7F1E4A607F00C271ED /* Player+CoreDataClass.h */,
				896E5B801E4A607F00C271ED /* Player+CoreDataClass.m */,
				896E5B811E4A607F00C271ED /* Player+CoreDataProperties.h */,
				896E5B821E4A607F00C271ED /* Player+CoreDataProperties.m */,
				896E5B671E4A354900C271ED /* MazeTile+CoreDataClass.h */,
				896E5B681E4A354900C271ED /* MazeTile+CoreDataClass.m */,
				896E5B691E4A354900C271ED /* MazeTile+CoreDataProperties.h */,
				896E5B6A1E4A354900C271ED /* MazeTile+CoreDataProperties.m */,
				898A5DA71E455FC1006C2A81 /* FlickrMaze */,
				898A5DA61E455FC1006C2A81 /* Products */,
			);
			sourceTree = "<group>";
		};
		898A5DA61E455FC1006C2A81 /* Products */ = {
			isa = PBXGroup;
			children = (
				898A5DA51E455FC1006C2A81 /* FlickrMaze.app */,
			);
			name = Products;
			sourceTree = "<group>";
		};
		898A5DA71E455FC1006C2A81 /* FlickrMaze */ = {
			isa = PBXGroup;
			children = (
				898A5DAB1E455FC1006C2A81 /* AppDelegate.h */,
				898A5DAC1E455FC1006C2A81 /* AppDelegate.m */,
				898A5DD21E4563AC006C2A81 /* HomeViewController.h */,
				898A5DD31E4563AC006C2A81 /* HomeViewController.m */,
				898A5DD81E457107006C2A81 /* MazeViewController.h */,
				898A5DD91E457107006C2A81 /* MazeViewController.m */,
				C84DD6D61E47A4EB00591C75 /* MapViewController.h */,
				C84DD6D71E47A4EB00591C75 /* MapViewController.m */,
				C84DD6DF1E48E1E500591C75 /* DetailViewController.h */,
				C84DD6E01E48E1E500591C75 /* DetailViewController.m */,
				C84DD6DC1E47BDD400591C75 /* EndGameViewController.h */,
				C84DD6DD1E47BDD400591C75 /* EndGameViewController.m */,
				898A5DDB1E4572C5006C2A81 /* MazeCell.h */,
				898A5DDC1E4572C5006C2A81 /* MazeCell.m */,
				C84DD6D91E47A61300591C75 /* TitleCell.h */,
				C84DD6DA1E47A61300591C75 /* TitleCell.m */,
				898A5DCF1E456152006C2A81 /* GameManager.h */,
				898A5DD01E456152006C2A81 /* GameManager.m */,
				898A5DD51E456D55006C2A81 /* Maze.h */,
				898A5DD61E456D55006C2A81 /* Maze.m */,
				898A5DB11E455FC1006C2A81 /* Main.storyboard */,
				898A5DB71E455FC1006C2A81 /* Assets.xcassets */,
				898A5DA81E455FC1006C2A81 /* Supporting Files */,
				898A5DB91E455FC1006C2A81 /* LaunchScreen.storyboard */,
				898A5DBC1E455FC1006C2A81 /* Info.plist */,
				898A5DB41E455FC1006C2A81 /* FlickrMaze.xcdatamodeld */,
			);
			path = FlickrMaze;
			sourceTree = "<group>";
		};
		898A5DA81E455FC1006C2A81 /* Supporting Files */ = {
			isa = PBXGroup;
			children = (
				898A5DA91E455FC1006C2A81 /* main.m */,
			);
			name = "Supporting Files";
			sourceTree = "<group>";
		};
/* End PBXGroup section */

/* Begin PBXNativeTarget section */
		898A5DA41E455FC1006C2A81 /* FlickrMaze */ = {
			isa = PBXNativeTarget;
			buildConfigurationList = 898A5DBF1E455FC1006C2A81 /* Build configuration list for PBXNativeTarget "FlickrMaze" */;
			buildPhases = (
				898A5DA11E455FC1006C2A81 /* Sources */,
				898A5DA21E455FC1006C2A81 /* Frameworks */,
				898A5DA31E455FC1006C2A81 /* Resources */,
			);
			buildRules = (
			);
			dependencies = (
			);
			name = FlickrMaze;
			productName = FlickrMaze;
			productReference = 898A5DA51E455FC1006C2A81 /* FlickrMaze.app */;
			productType = "com.apple.product-type.application";
		};
/* End PBXNativeTarget section */

/* Begin PBXProject section */
		898A5D9D1E455FC1006C2A81 /* Project object */ = {
			isa = PBXProject;
			attributes = {
				LastUpgradeCheck = 0820;
				ORGANIZATIONNAME = "Minhung Ling";
				TargetAttributes = {
					898A5DA41E455FC1006C2A81 = {
						CreatedOnToolsVersion = 8.2.1;
						ProvisioningStyle = Automatic;
					};
				};
			};
			buildConfigurationList = 898A5DA01E455FC1006C2A81 /* Build configuration list for PBXProject "FlickrMaze" */;
			compatibilityVersion = "Xcode 3.2";
			developmentRegion = English;
			hasScannedForEncodings = 0;
			knownRegions = (
				en,
				Base,
			);
			mainGroup = 898A5D9C1E455FC1006C2A81;
			productRefGroup = 898A5DA61E455FC1006C2A81 /* Products */;
			projectDirPath = "";
			projectRoot = "";
			targets = (
				898A5DA41E455FC1006C2A81 /* FlickrMaze */,
			);
		};
/* End PBXProject section */

/* Begin PBXResourcesBuildPhase section */
		898A5DA31E455FC1006C2A81 /* Resources */ = {
			isa = PBXResourcesBuildPhase;
			buildActionMask = 2147483647;
			files = (
				898A5DBB1E455FC1006C2A81 /* LaunchScreen.storyboard in Resources */,
				898A5DB81E455FC1006C2A81 /* Assets.xcassets in Resources */,
				898A5DB31E455FC1006C2A81 /* Main.storyboard in Resources */,
			);
			runOnlyForDeploymentPostprocessing = 0;
		};
/* End PBXResourcesBuildPhase section */

/* Begin PBXSourcesBuildPhase section */
		898A5DA11E455FC1006C2A81 /* Sources */ = {
			isa = PBXSourcesBuildPhase;
			buildActionMask = 2147483647;
			files = (
				898A5DDA1E457107006C2A81 /* MazeViewController.m in Sources */,
				898A5DAD1E455FC1006C2A81 /* AppDelegate.m in Sources */,
				898A5DDD1E4572C5006C2A81 /* MazeCell.m in Sources */,
				898A5DD11E456152006C2A81 /* GameManager.m in Sources */,
				898A5DAA1E455FC1006C2A81 /* main.m in Sources */,
				C84DD6DB1E47A61300591C75 /* TitleCell.m in Sources */,
				898A5DD41E4563AC006C2A81 /* HomeViewController.m in Sources */,
				C84DD6D81E47A4EB00591C75 /* MapViewController.m in Sources */,
				C84DD6DE1E47BDD400591C75 /* EndGameViewController.m in Sources */,
				898A5DD71E456D55006C2A81 /* Maze.m in Sources */,
				898A5DB61E455FC1006C2A81 /* FlickrMaze.xcdatamodeld in Sources */,
				C84DD6E11E48E1E500591C75 /* DetailViewController.m in Sources */,
			);
			runOnlyForDeploymentPostprocessing = 0;
		};
/* End PBXSourcesBuildPhase section */

/* Begin PBXVariantGroup section */
		898A5DB11E455FC1006C2A81 /* Main.storyboard */ = {
			isa = PBXVariantGroup;
			children = (
				898A5DB21E455FC1006C2A81 /* Base */,
			);
			name = Main.storyboard;
			sourceTree = "<group>";
		};
		898A5DB91E455FC1006C2A81 /* LaunchScreen.storyboard */ = {
			isa = PBXVariantGroup;
			children = (
				898A5DBA1E455FC1006C2A81 /* Base */,
			);
			name = LaunchScreen.storyboard;
			sourceTree = "<group>";
		};
/* End PBXVariantGroup section */

/* Begin XCBuildConfiguration section */
		898A5DBD1E455FC1006C2A81 /* Debug */ = {
			isa = XCBuildConfiguration;
			buildSettings = {
				ALWAYS_SEARCH_USER_PATHS = NO;
				CLANG_ANALYZER_NONNULL = YES;
				CLANG_CXX_LANGUAGE_STANDARD = "gnu++0x";
				CLANG_CXX_LIBRARY = "libc++";
				CLANG_ENABLE_MODULES = YES;
				CLANG_ENABLE_OBJC_ARC = YES;
				CLANG_WARN_BOOL_CONVERSION = YES;
				CLANG_WARN_CONSTANT_CONVERSION = YES;
				CLANG_WARN_DIRECT_OBJC_ISA_USAGE = YES_ERROR;
				CLANG_WARN_DOCUMENTATION_COMMENTS = YES;
				CLANG_WARN_EMPTY_BODY = YES;
				CLANG_WARN_ENUM_CONVERSION = YES;
				CLANG_WARN_INFINITE_RECURSION = YES;
				CLANG_WARN_INT_CONVERSION = YES;
				CLANG_WARN_OBJC_ROOT_CLASS = YES_ERROR;
				CLANG_WARN_SUSPICIOUS_MOVE = YES;
				CLANG_WARN_UNREACHABLE_CODE = YES;
				CLANG_WARN__DUPLICATE_METHOD_MATCH = YES;
				"CODE_SIGN_IDENTITY[sdk=iphoneos*]" = "iPhone Developer";
				COPY_PHASE_STRIP = NO;
				DEBUG_INFORMATION_FORMAT = dwarf;
				ENABLE_STRICT_OBJC_MSGSEND = YES;
				ENABLE_TESTABILITY = YES;
				GCC_C_LANGUAGE_STANDARD = gnu99;
				GCC_DYNAMIC_NO_PIC = NO;
				GCC_NO_COMMON_BLOCKS = YES;
				GCC_OPTIMIZATION_LEVEL = 0;
				GCC_PREPROCESSOR_DEFINITIONS = (
					"DEBUG=1",
					"$(inherited)",
				);
				GCC_WARN_64_TO_32_BIT_CONVERSION = YES;
				GCC_WARN_ABOUT_RETURN_TYPE = YES_ERROR;
				GCC_WARN_UNDECLARED_SELECTOR = YES;
				GCC_WARN_UNINITIALIZED_AUTOS = YES_AGGRESSIVE;
				GCC_WARN_UNUSED_FUNCTION = YES;
				GCC_WARN_UNUSED_VARIABLE = YES;
				IPHONEOS_DEPLOYMENT_TARGET = 10.2;
				MTL_ENABLE_DEBUG_INFO = YES;
				ONLY_ACTIVE_ARCH = YES;
				SDKROOT = iphoneos;
				TARGETED_DEVICE_FAMILY = "1,2";
			};
			name = Debug;
		};
		898A5DBE1E455FC1006C2A81 /* Release */ = {
			isa = XCBuildConfiguration;
			buildSettings = {
				ALWAYS_SEARCH_USER_PATHS = NO;
				CLANG_ANALYZER_NONNULL = YES;
				CLANG_CXX_LANGUAGE_STANDARD = "gnu++0x";
				CLANG_CXX_LIBRARY = "libc++";
				CLANG_ENABLE_MODULES = YES;
				CLANG_ENABLE_OBJC_ARC = YES;
				CLANG_WARN_BOOL_CONVERSION = YES;
				CLANG_WARN_CONSTANT_CONVERSION = YES;
				CLANG_WARN_DIRECT_OBJC_ISA_USAGE = YES_ERROR;
				CLANG_WARN_DOCUMENTATION_COMMENTS = YES;
				CLANG_WARN_EMPTY_BODY = YES;
				CLANG_WARN_ENUM_CONVERSION = YES;
				CLANG_WARN_INFINITE_RECURSION = YES;
				CLANG_WARN_INT_CONVERSION = YES;
				CLANG_WARN_OBJC_ROOT_CLASS = YES_ERROR;
				CLANG_WARN_SUSPICIOUS_MOVE = YES;
				CLANG_WARN_UNREACHABLE_CODE = YES;
				CLANG_WARN__DUPLICATE_METHOD_MATCH = YES;
				"CODE_SIGN_IDENTITY[sdk=iphoneos*]" = "iPhone Developer";
				COPY_PHASE_STRIP = NO;
				DEBUG_INFORMATION_FORMAT = "dwarf-with-dsym";
				ENABLE_NS_ASSERTIONS = NO;
				ENABLE_STRICT_OBJC_MSGSEND = YES;
				GCC_C_LANGUAGE_STANDARD = gnu99;
				GCC_NO_COMMON_BLOCKS = YES;
				GCC_WARN_64_TO_32_BIT_CONVERSION = YES;
				GCC_WARN_ABOUT_RETURN_TYPE = YES_ERROR;
				GCC_WARN_UNDECLARED_SELECTOR = YES;
				GCC_WARN_UNINITIALIZED_AUTOS = YES_AGGRESSIVE;
				GCC_WARN_UNUSED_FUNCTION = YES;
				GCC_WARN_UNUSED_VARIABLE = YES;
				IPHONEOS_DEPLOYMENT_TARGET = 10.2;
				MTL_ENABLE_DEBUG_INFO = NO;
				SDKROOT = iphoneos;
				TARGETED_DEVICE_FAMILY = "1,2";
				VALIDATE_PRODUCT = YES;
			};
			name = Release;
		};
		898A5DC01E455FC1006C2A81 /* Debug */ = {
			isa = XCBuildConfiguration;
			buildSettings = {
				ASSETCATALOG_COMPILER_APPICON_NAME = AppIcon;
				INFOPLIST_FILE = FlickrMaze/Info.plist;
				LD_RUNPATH_SEARCH_PATHS = "$(inherited) @executable_path/Frameworks";
				PRODUCT_BUNDLE_IDENTIFIER = mling.FlickrMaze;
				PRODUCT_NAME = "$(TARGET_NAME)";
			};
			name = Debug;
		};
		898A5DC11E455FC1006C2A81 /* Release */ = {
			isa = XCBuildConfiguration;
			buildSettings = {
				ASSETCATALOG_COMPILER_APPICON_NAME = AppIcon;
				INFOPLIST_FILE = FlickrMaze/Info.plist;
				LD_RUNPATH_SEARCH_PATHS = "$(inherited) @executable_path/Frameworks";
				PRODUCT_BUNDLE_IDENTIFIER = mling.FlickrMaze;
				PRODUCT_NAME = "$(TARGET_NAME)";
			};
			name = Release;
		};
/* End XCBuildConfiguration section */

/* Begin XCConfigurationList section */
		898A5DA01E455FC1006C2A81 /* Build configuration list for PBXProject "FlickrMaze" */ = {
			isa = XCConfigurationList;
			buildConfigurations = (
				898A5DBD1E455FC1006C2A81 /* Debug */,
				898A5DBE1E455FC1006C2A81 /* Release */,
			);
			defaultConfigurationIsVisible = 0;
			defaultConfigurationName = Release;
		};
		898A5DBF1E455FC1006C2A81 /* Build configuration list for PBXNativeTarget "FlickrMaze" */ = {
			isa = XCConfigurationList;
			buildConfigurations = (
				898A5DC01E455FC1006C2A81 /* Debug */,
				898A5DC11E455FC1006C2A81 /* Release */,
			);
			defaultConfigurationIsVisible = 0;
			defaultConfigurationName = Release;
		};
/* End XCConfigurationList section */

/* Begin XCVersionGroup section */
		898A5DB41E455FC1006C2A81 /* FlickrMaze.xcdatamodeld */ = {
			isa = XCVersionGroup;
			children = (
				898A5DB51E455FC1006C2A81 /* FlickrMaze.xcdatamodel */,
			);
			currentVersion = 898A5DB51E455FC1006C2A81 /* FlickrMaze.xcdatamodel */;
			path = FlickrMaze.xcdatamodeld;
			sourceTree = "<group>";
			versionGroupType = wrapper.xcdatamodel;
		};
/* End XCVersionGroup section */
	};
	rootObject = 898A5D9D1E455FC1006C2A81 /* Project object */;
}
